
Microsoft Visual Studio Solution File, Format Version 12.00
# Visual Studio 14
VisualStudioVersion = 14.0.25420.1
MinimumVisualStudioVersion = 10.0.40219.1
Project("{FAE04EC0-301F-11D3-BF4B-00C04F79EFBC}") = "PmlUnit", "PmlUnit\PmlUnit.csproj", "{03530452-7C4A-4943-AA30-7EFEADADE1F2}"
EndProject
Project("{FAE04EC0-301F-11D3-BF4B-00C04F79EFBC}") = "PmlUnit.SmokeTest", "PmlUnit.SmokeTest\PmlUnit.SmokeTest.csproj", "{33B9EDAF-F6D0-4C21-84C9-533D58ABE696}"
EndProject
Project("{FAE04EC0-301F-11D3-BF4B-00C04F79EFBC}") = "PmlUnit.TestForm", "PmlUnit.TestForm\PmlUnit.TestForm.csproj", "{63E7B77F-6533-466C-8A88-78EBC932D088}"
EndProject
Project("{FAE04EC0-301F-11D3-BF4B-00C04F79EFBC}") = "PmlUnit.Tests", "PmlUnit.Tests\PmlUnit.Tests.csproj", "{8586BD13-436D-4092-9472-DD637A41B23F}"
EndProject
Global
	GlobalSection(SolutionConfigurationPlatforms) = preSolution
		Debug|PDMS 12.1 = Debug|PDMS 12.1
		Debug|E3D 1.1 = Debug|E3D 1.1
		Debug|E3D 2.1 = Debug|E3D 2.1
		Release|PDMS 12.1 = Release|PDMS 12.1
		Release|E3D 1.1 = Release|E3D 1.1
		Release|E3D 2.1 = Release|E3D 2.1
	EndGlobalSection
	GlobalSection(ProjectConfigurationPlatforms) = postSolution
		{03530452-7C4A-4943-AA30-7EFEADADE1F2}.Debug|PDMS 12.1.ActiveCfg = Debug|PDMS 12.1
		{03530452-7C4A-4943-AA30-7EFEADADE1F2}.Debug|PDMS 12.1.Build.0 = Debug|PDMS 12.1
		{03530452-7C4A-4943-AA30-7EFEADADE1F2}.Debug|E3D 1.1.ActiveCfg = Debug|E3D 1.1
		{03530452-7C4A-4943-AA30-7EFEADADE1F2}.Debug|E3D 1.1.Build.0 = Debug|E3D 1.1
		{03530452-7C4A-4943-AA30-7EFEADADE1F2}.Debug|E3D 2.1.ActiveCfg = Debug|E3D 2.1
		{03530452-7C4A-4943-AA30-7EFEADADE1F2}.Debug|E3D 2.1.Build.0 = Debug|E3D 2.1
		{03530452-7C4A-4943-AA30-7EFEADADE1F2}.Release|PDMS 12.1.ActiveCfg = Release|PDMS 12.1
		{03530452-7C4A-4943-AA30-7EFEADADE1F2}.Release|PDMS 12.1.Build.0 = Release|PDMS 12.1
		{03530452-7C4A-4943-AA30-7EFEADADE1F2}.Release|E3D 1.1.ActiveCfg = Release|E3D 1.1
		{03530452-7C4A-4943-AA30-7EFEADADE1F2}.Release|E3D 1.1.Build.0 = Release|E3D 1.1
		{03530452-7C4A-4943-AA30-7EFEADADE1F2}.Release|E3D 2.1.ActiveCfg = Release|E3D 2.1
		{03530452-7C4A-4943-AA30-7EFEADADE1F2}.Release|E3D 2.1.Build.0 = Release|E3D 2.1
		{33B9EDAF-F6D0-4C21-84C9-533D58ABE696}.Debug|PDMS 12.1.ActiveCfg = Debug|PDMS 12.1
		{33B9EDAF-F6D0-4C21-84C9-533D58ABE696}.Debug|PDMS 12.1.Build.0 = Debug|PDMS 12.1
		{33B9EDAF-F6D0-4C21-84C9-533D58ABE696}.Debug|E3D 1.1.ActiveCfg = Debug|E3D 1.1
		{33B9EDAF-F6D0-4C21-84C9-533D58ABE696}.Debug|E3D 1.1.Build.0 = Debug|E3D 1.1
		{33B9EDAF-F6D0-4C21-84C9-533D58ABE696}.Debug|E3D 2.1.ActiveCfg = Debug|E3D 2.1
		{33B9EDAF-F6D0-4C21-84C9-533D58ABE696}.Debug|E3D 2.1.Build.0 = Debug|E3D 2.1
		{33B9EDAF-F6D0-4C21-84C9-533D58ABE696}.Release|PDMS 12.1.ActiveCfg = Release|PDMS 12.1
		{33B9EDAF-F6D0-4C21-84C9-533D58ABE696}.Release|PDMS 12.1.Build.0 = Release|PDMS 12.1
		{33B9EDAF-F6D0-4C21-84C9-533D58ABE696}.Release|E3D 1.1.ActiveCfg = Release|E3D 1.1
		{33B9EDAF-F6D0-4C21-84C9-533D58ABE696}.Release|E3D 1.1.Build.0 = Release|E3D 1.1
		{33B9EDAF-F6D0-4C21-84C9-533D58ABE696}.Release|E3D 2.1.ActiveCfg = Release|E3D 2.1
		{33B9EDAF-F6D0-4C21-84C9-533D58ABE696}.Release|E3D 2.1.Build.0 = Release|E3D 2.1
		{63E7B77F-6533-466C-8A88-78EBC932D088}.Debug|PDMS 12.1.ActiveCfg = Debug|PDMS 12.1
		{63E7B77F-6533-466C-8A88-78EBC932D088}.Debug|PDMS 12.1.Build.0 = Debug|PDMS 12.1
		{63E7B77F-6533-466C-8A88-78EBC932D088}.Debug|E3D 1.1.ActiveCfg = Debug|E3D 1.1
		{63E7B77F-6533-466C-8A88-78EBC932D088}.Debug|E3D 1.1.Build.0 = Debug|E3D 1.1
		{63E7B77F-6533-466C-8A88-78EBC932D088}.Debug|E3D 2.1.ActiveCfg = Debug|E3D 2.1
		{63E7B77F-6533-466C-8A88-78EBC932D088}.Debug|E3D 2.1.Build.0 = Debug|E3D 2.1
		{63E7B77F-6533-466C-8A88-78EBC932D088}.Release|PDMS 12.1.ActiveCfg = Release|PDMS 12.1
		{63E7B77F-6533-466C-8A88-78EBC932D088}.Release|PDMS 12.1.Build.0 = Release|PDMS 12.1
		{63E7B77F-6533-466C-8A88-78EBC932D088}.Release|E3D 1.1.ActiveCfg = Release|E3D 1.1
		{63E7B77F-6533-466C-8A88-78EBC932D088}.Release|E3D 1.1.Build.0 = Release|E3D 1.1
		{63E7B77F-6533-466C-8A88-78EBC932D088}.Release|E3D 2.1.ActiveCfg = Release|E3D 2.1
		{63E7B77F-6533-466C-8A88-78EBC932D088}.Release|E3D 2.1.Build.0 = Release|E3D 2.1
		{8586BD13-436D-4092-9472-DD637A41B23F}.Debug|PDMS 12.1.ActiveCfg = Debug|PDMS 12.1
		{8586BD13-436D-4092-9472-DD637A41B23F}.Debug|PDMS 12.1.Build.0 = Debug|PDMS 12.1
		{8586BD13-436D-4092-9472-DD637A41B23F}.Debug|E3D 1.1.ActiveCfg = Debug|E3D 1.1
		{8586BD13-436D-4092-9472-DD637A41B23F}.Debug|E3D 1.1.Build.0 = Debug|E3D 1.1
		{8586BD13-436D-4092-9472-DD637A41B23F}.Debug|E3D 2.1.ActiveCfg = Debug|E3D 2.1
		{8586BD13-436D-4092-9472-DD637A41B23F}.Debug|E3D 2.1.Build.0 = Debug|E3D 2.1
		{8586BD13-436D-4092-9472-DD637A41B23F}.Release|PDMS 12.1.ActiveCfg = Release|PDMS 12.1
		{8586BD13-436D-4092-9472-DD637A41B23F}.Release|PDMS 12.1.Build.0 = Release|PDMS 12.1
		{8586BD13-436D-4092-9472-DD637A41B23F}.Release|E3D 1.1.ActiveCfg = Release|E3D 1.1
		{8586BD13-436D-4092-9472-DD637A41B23F}.Release|E3D 1.1.Build.0 = Release|E3D 1.1
		{8586BD13-436D-4092-9472-DD637A41B23F}.Release|E3D 2.1.ActiveCfg = Release|E3D 2.1
		{8586BD13-436D-4092-9472-DD637A41B23F}.Release|E3D 2.1.Build.0 = Release|E3D 2.1
	EndGlobalSection
	GlobalSection(SolutionProperties) = preSolution
		HideSolutionNode = FALSE
	EndGlobalSection
EndGlobal
